
Microsoft Visual Studio Solution File, Format Version 12.00
Project("{FAE04EC0-301F-11D3-BF4B-00C04F79EFBC}") = "Ocelot.Project", "Ocelot.Project\Ocelot.Project.csproj", "{8738F7C7-FC00-4159-BCD2-963741940283}"
EndProject
Project("{2150E333-8FDC-42A3-9474-1A3956D46DE8}") = "Services", "Services", "{F628C4E0-7759-4D41-8C0B-B303ECF684BD}"
EndProject
Project("{FAE04EC0-301F-11D3-BF4B-00C04F79EFBC}") = "Contact.API", "Services\ContactAPI\Contact.API\Contact.API.csproj", "{5F5BC840-634B-4E12-80D0-B9957A869866}"
EndProject
Project("{FAE04EC0-301F-11D3-BF4B-00C04F79EFBC}") = "ReservationAPI", "Services\ReservationAPI\ReservationAPI\ReservationAPI.csproj", "{8A860B9F-F6CE-4530-BE42-63666312D262}"
EndProject
Project("{2150E333-8FDC-42A3-9474-1A3956D46DE8}") = "ContactAPI", "ContactAPI", "{EF61AE4A-A307-479F-847D-EC71C8BCBC64}"
EndProject
Project("{2150E333-8FDC-42A3-9474-1A3956D46DE8}") = "ReservationAPI", "ReservationAPI", "{6B7B6895-4B6F-494B-B4B0-CAC329E23EE0}"
EndProject
Project("{FAE04EC0-301F-11D3-BF4B-00C04F79EFBC}") = "ContactAPI.Infrastructure", "Services\ContactAPI\ContactAPI.Infrastructure\ContactAPI.Infrastructure.csproj", "{4585910C-0E90-4343-975E-7751FFC11C82}"
EndProject
Project("{FAE04EC0-301F-11D3-BF4B-00C04F79EFBC}") = "Contact.API.Models", "Services\ContactAPI\Contact.API.Models\Contact.API.Models.csproj", "{5500D315-007A-48ED-9932-22152D089C9A}"
EndProject
Project("{FAE04EC0-301F-11D3-BF4B-00C04F79EFBC}") = "Contact.API.Services", "Services\ContactAPI\Contact.API.Services\Contact.API.Services.csproj", "{50A438FE-5EFB-41F7-A24B-47045CE525B4}"
EndProject
Project("{FAE04EC0-301F-11D3-BF4B-00C04F79EFBC}") = "Reservation.API.Infrastructure", "Services\ReservationAPI\Reservation.API.Infrastructure\Reservation.API.Infrastructure.csproj", "{F9BF5A2A-55F5-4777-91A8-FADD3CB9FA6E}"
EndProject
Project("{FAE04EC0-301F-11D3-BF4B-00C04F79EFBC}") = "Reservation.API.Models", "Services\ReservationAPI\Reservation.API.Models\Reservation.API.Models.csproj", "{7BB07EBB-1BF7-4213-B8AC-74B8C16F25FA}"
EndProject
Project("{FAE04EC0-301F-11D3-BF4B-00C04F79EFBC}") = "Reservation.API.Services", "Services\ReservationAPI\Reservation.API.Services\Reservation.API.Services.csproj", "{F607358A-FC05-4D40-A4F3-2CE54DE4654D}"
EndProject
Global
	GlobalSection(SolutionConfigurationPlatforms) = preSolution
		Debug|Any CPU = Debug|Any CPU
		Release|Any CPU = Release|Any CPU
	EndGlobalSection
	GlobalSection(ProjectConfigurationPlatforms) = postSolution
		{8738F7C7-FC00-4159-BCD2-963741940283}.Debug|Any CPU.ActiveCfg = Debug|Any CPU
		{8738F7C7-FC00-4159-BCD2-963741940283}.Debug|Any CPU.Build.0 = Debug|Any CPU
		{8738F7C7-FC00-4159-BCD2-963741940283}.Release|Any CPU.ActiveCfg = Release|Any CPU
		{8738F7C7-FC00-4159-BCD2-963741940283}.Release|Any CPU.Build.0 = Release|Any CPU
		{5F5BC840-634B-4E12-80D0-B9957A869866}.Debug|Any CPU.ActiveCfg = Debug|Any CPU
		{5F5BC840-634B-4E12-80D0-B9957A869866}.Debug|Any CPU.Build.0 = Debug|Any CPU
		{5F5BC840-634B-4E12-80D0-B9957A869866}.Release|Any CPU.ActiveCfg = Release|Any CPU
		{5F5BC840-634B-4E12-80D0-B9957A869866}.Release|Any CPU.Build.0 = Release|Any CPU
		{8A860B9F-F6CE-4530-BE42-63666312D262}.Debug|Any CPU.ActiveCfg = Debug|Any CPU
		{8A860B9F-F6CE-4530-BE42-63666312D262}.Debug|Any CPU.Build.0 = Debug|Any CPU
		{8A860B9F-F6CE-4530-BE42-63666312D262}.Release|Any CPU.ActiveCfg = Release|Any CPU
		{8A860B9F-F6CE-4530-BE42-63666312D262}.Release|Any CPU.Build.0 = Release|Any CPU
		{4585910C-0E90-4343-975E-7751FFC11C82}.Debug|Any CPU.ActiveCfg = Debug|Any CPU
		{4585910C-0E90-4343-975E-7751FFC11C82}.Debug|Any CPU.Build.0 = Debug|Any CPU
		{4585910C-0E90-4343-975E-7751FFC11C82}.Release|Any CPU.ActiveCfg = Release|Any CPU
		{4585910C-0E90-4343-975E-7751FFC11C82}.Release|Any CPU.Build.0 = Release|Any CPU
		{5500D315-007A-48ED-9932-22152D089C9A}.Debug|Any CPU.ActiveCfg = Debug|Any CPU
		{5500D315-007A-48ED-9932-22152D089C9A}.Debug|Any CPU.Build.0 = Debug|Any CPU
		{5500D315-007A-48ED-9932-22152D089C9A}.Release|Any CPU.ActiveCfg = Release|Any CPU
		{5500D315-007A-48ED-9932-22152D089C9A}.Release|Any CPU.Build.0 = Release|Any CPU
		{50A438FE-5EFB-41F7-A24B-47045CE525B4}.Debug|Any CPU.ActiveCfg = Debug|Any CPU
		{50A438FE-5EFB-41F7-A24B-47045CE525B4}.Debug|Any CPU.Build.0 = Debug|Any CPU
		{50A438FE-5EFB-41F7-A24B-47045CE525B4}.Release|Any CPU.ActiveCfg = Release|Any CPU
		{50A438FE-5EFB-41F7-A24B-47045CE525B4}.Release|Any CPU.Build.0 = Release|Any CPU
		{F9BF5A2A-55F5-4777-91A8-FADD3CB9FA6E}.Debug|Any CPU.ActiveCfg = Debug|Any CPU
		{F9BF5A2A-55F5-4777-91A8-FADD3CB9FA6E}.Debug|Any CPU.Build.0 = Debug|Any CPU
		{F9BF5A2A-55F5-4777-91A8-FADD3CB9FA6E}.Release|Any CPU.ActiveCfg = Release|Any CPU
		{F9BF5A2A-55F5-4777-91A8-FADD3CB9FA6E}.Release|Any CPU.Build.0 = Release|Any CPU
		{7BB07EBB-1BF7-4213-B8AC-74B8C16F25FA}.Debug|Any CPU.ActiveCfg = Debug|Any CPU
		{7BB07EBB-1BF7-4213-B8AC-74B8C16F25FA}.Debug|Any CPU.Build.0 = Debug|Any CPU
		{7BB07EBB-1BF7-4213-B8AC-74B8C16F25FA}.Release|Any CPU.ActiveCfg = Release|Any CPU
		{7BB07EBB-1BF7-4213-B8AC-74B8C16F25FA}.Release|Any CPU.Build.0 = Release|Any CPU
		{F607358A-FC05-4D40-A4F3-2CE54DE4654D}.Debug|Any CPU.ActiveCfg = Debug|Any CPU
		{F607358A-FC05-4D40-A4F3-2CE54DE4654D}.Debug|Any CPU.Build.0 = Debug|Any CPU
		{F607358A-FC05-4D40-A4F3-2CE54DE4654D}.Release|Any CPU.ActiveCfg = Release|Any CPU
		{F607358A-FC05-4D40-A4F3-2CE54DE4654D}.Release|Any CPU.Build.0 = Release|Any CPU
	EndGlobalSection
	GlobalSection(NestedProjects) = preSolution
		{EF61AE4A-A307-479F-847D-EC71C8BCBC64} = {F628C4E0-7759-4D41-8C0B-B303ECF684BD}
		{5F5BC840-634B-4E12-80D0-B9957A869866} = {EF61AE4A-A307-479F-847D-EC71C8BCBC64}
		{6B7B6895-4B6F-494B-B4B0-CAC329E23EE0} = {F628C4E0-7759-4D41-8C0B-B303ECF684BD}
		{8A860B9F-F6CE-4530-BE42-63666312D262} = {6B7B6895-4B6F-494B-B4B0-CAC329E23EE0}
		{4585910C-0E90-4343-975E-7751FFC11C82} = {EF61AE4A-A307-479F-847D-EC71C8BCBC64}
		{5500D315-007A-48ED-9932-22152D089C9A} = {EF61AE4A-A307-479F-847D-EC71C8BCBC64}
		{50A438FE-5EFB-41F7-A24B-47045CE525B4} = {EF61AE4A-A307-479F-847D-EC71C8BCBC64}
		{F9BF5A2A-55F5-4777-91A8-FADD3CB9FA6E} = {6B7B6895-4B6F-494B-B4B0-CAC329E23EE0}
		{7BB07EBB-1BF7-4213-B8AC-74B8C16F25FA} = {6B7B6895-4B6F-494B-B4B0-CAC329E23EE0}
		{F607358A-FC05-4D40-A4F3-2CE54DE4654D} = {6B7B6895-4B6F-494B-B4B0-CAC329E23EE0}
	EndGlobalSection
EndGlobal
